
Microsoft Visual Studio Solution File, Format Version 12.00
# Visual Studio Version 17
VisualStudioVersion = 17.4.33213.308
MinimumVisualStudioVersion = 10.0.40219.1
Project("{9A19103F-16F7-4668-BE54-9A1E7A4F7556}") = "CRUD_API", "CRUD_API\CRUD_API.csproj", "{469CAC9D-37F1-4E14-8FF8-AF5BF96B79B4}"
EndProject
Project("{FAE04EC0-301F-11D3-BF4B-00C04F79EFBC}") = "EmployeeDetails", "EmployeeDetails\EmployeeDetails.csproj", "{8C8AD89E-6CB0-4AFD-AC0D-F0BEE7F623A8}"
EndProject
Global
	GlobalSection(SolutionConfigurationPlatforms) = preSolution
		Debug|Any CPU = Debug|Any CPU
		Release|Any CPU = Release|Any CPU
	EndGlobalSection
	GlobalSection(ProjectConfigurationPlatforms) = postSolution
		{469CAC9D-37F1-4E14-8FF8-AF5BF96B79B4}.Debug|Any CPU.ActiveCfg = Debug|Any CPU
		{469CAC9D-37F1-4E14-8FF8-AF5BF96B79B4}.Debug|Any CPU.Build.0 = Debug|Any CPU
		{469CAC9D-37F1-4E14-8FF8-AF5BF96B79B4}.Release|Any CPU.ActiveCfg = Release|Any CPU
		{469CAC9D-37F1-4E14-8FF8-AF5BF96B79B4}.Release|Any CPU.Build.0 = Release|Any CPU
		{8C8AD89E-6CB0-4AFD-AC0D-F0BEE7F623A8}.Debug|Any CPU.ActiveCfg = Debug|Any CPU
		{8C8AD89E-6CB0-4AFD-AC0D-F0BEE7F623A8}.Debug|Any CPU.Build.0 = Debug|Any CPU
		{8C8AD89E-6CB0-4AFD-AC0D-F0BEE7F623A8}.Release|Any CPU.ActiveCfg = Release|Any CPU
		{8C8AD89E-6CB0-4AFD-AC0D-F0BEE7F623A8}.Release|Any CPU.Build.0 = Release|Any CPU
	EndGlobalSection
	GlobalSection(SolutionProperties) = preSolution
		HideSolutionNode = FALSE
	EndGlobalSection
	GlobalSection(ExtensibilityGlobals) = postSolution
		SolutionGuid = {E61B0663-01B9-495A-8859-2C10C6D31C62}
	EndGlobalSection
EndGlobal
